// !$*UTF8*$!
{
	archiveVersion = 1;
	classes = {
	};
	objectVersion = 51;
	objects = {

/* Begin PBXBuildFile section */
		2ECAB12A2683F6F5009AB045 /* AppDelegate.swift in Sources */ = {isa = PBXBuildFile; fileRef = 2ECAB1292683F6F5009AB045 /* AppDelegate.swift */; };
		2ECAB12C2683F6F5009AB045 /* SceneDelegate.swift in Sources */ = {isa = PBXBuildFile; fileRef = 2ECAB12B2683F6F5009AB045 /* SceneDelegate.swift */; };
		2ECAB1312683F6F5009AB045 /* Main.storyboard in Resources */ = {isa = PBXBuildFile; fileRef = 2ECAB12F2683F6F5009AB045 /* Main.storyboard */; };
		2ECAB1342683F6F5009AB045 /* Todoey_CoreData.xcdatamodeld in Sources */ = {isa = PBXBuildFile; fileRef = 2ECAB1322683F6F5009AB045 /* Todoey_CoreData.xcdatamodeld */; };
		2ECAB1362683F6F7009AB045 /* Assets.xcassets in Resources */ = {isa = PBXBuildFile; fileRef = 2ECAB1352683F6F7009AB045 /* Assets.xcassets */; };
		2ECAB1392683F6F7009AB045 /* LaunchScreen.storyboard in Resources */ = {isa = PBXBuildFile; fileRef = 2ECAB1372683F6F7009AB045 /* LaunchScreen.storyboard */; };
		2ECAB1442683F78B009AB045 /* CategoryViewController.swift in Sources */ = {isa = PBXBuildFile; fileRef = 2ECAB1432683F78B009AB045 /* CategoryViewController.swift */; };
		2ECAB14626840663009AB045 /* ItemViewController.swift in Sources */ = {isa = PBXBuildFile; fileRef = 2ECAB14526840663009AB045 /* ItemViewController.swift */; };
		2ECAB14826842324009AB045 /* SwipeViewController.swift in Sources */ = {isa = PBXBuildFile; fileRef = 2ECAB14726842324009AB045 /* SwipeViewController.swift */; };
		C8E2B46BE3A31005DF816615 /* Pods_Todoey_CoreData.framework in Frameworks */ = {isa = PBXBuildFile; fileRef = C279C8325A1B68ED1854C404 /* Pods_Todoey_CoreData.framework */; };
/* End PBXBuildFile section */

/* Begin PBXFileReference section */
		2ECAB1262683F6F5009AB045 /* Todoey_CoreData.app */ = {isa = PBXFileReference; explicitFileType = wrapper.application; includeInIndex = 0; path = Todoey_CoreData.app; sourceTree = BUILT_PRODUCTS_DIR; };
		2ECAB1292683F6F5009AB045 /* AppDelegate.swift */ = {isa = PBXFileReference; lastKnownFileType = sourcecode.swift; path = AppDelegate.swift; sourceTree = "<group>"; };
		2ECAB12B2683F6F5009AB045 /* SceneDelegate.swift */ = {isa = PBXFileReference; lastKnownFileType = sourcecode.swift; path = SceneDelegate.swift; sourceTree = "<group>"; };
		2ECAB1302683F6F5009AB045 /* Base */ = {isa = PBXFileReference; lastKnownFileType = file.storyboard; name = Base; path = Base.lproj/Main.storyboard; sourceTree = "<group>"; };
		2ECAB1332683F6F5009AB045 /* Todoey_CoreData.xcdatamodel */ = {isa = PBXFileReference; lastKnownFileType = wrapper.xcdatamodel; path = Todoey_CoreData.xcdatamodel; sourceTree = "<group>"; };
		2ECAB1352683F6F7009AB045 /* Assets.xcassets */ = {isa = PBXFileReference; lastKnownFileType = folder.assetcatalog; path = Assets.xcassets; sourceTree = "<group>"; };
		2ECAB1382683F6F7009AB045 /* Base */ = {isa = PBXFileReference; lastKnownFileType = file.storyboard; name = Base; path = Base.lproj/LaunchScreen.storyboard; sourceTree = "<group>"; };
		2ECAB13A2683F6F7009AB045 /* Info.plist */ = {isa = PBXFileReference; lastKnownFileType = text.plist.xml; path = Info.plist; sourceTree = "<group>"; };
		2ECAB1432683F78B009AB045 /* CategoryViewController.swift */ = {isa = PBXFileReference; lastKnownFileType = sourcecode.swift; path = CategoryViewController.swift; sourceTree = "<group>"; };
		2ECAB14526840663009AB045 /* ItemViewController.swift */ = {isa = PBXFileReference; lastKnownFileType = sourcecode.swift; path = ItemViewController.swift; sourceTree = "<group>"; };
		2ECAB14726842324009AB045 /* SwipeViewController.swift */ = {isa = PBXFileReference; lastKnownFileType = sourcecode.swift; path = SwipeViewController.swift; sourceTree = "<group>"; };
		3E75B1A808B2F44EAECEC792 /* Pods-Todoey_CoreData.debug.xcconfig */ = {isa = PBXFileReference; includeInIndex = 1; lastKnownFileType = text.xcconfig; name = "Pods-Todoey_CoreData.debug.xcconfig"; path = "Target Support Files/Pods-Todoey_CoreData/Pods-Todoey_CoreData.debug.xcconfig"; sourceTree = "<group>"; };
		43570A3C9376D88197E61D09 /* Pods-Todoey_CoreData.release.xcconfig */ = {isa = PBXFileReference; includeInIndex = 1; lastKnownFileType = text.xcconfig; name = "Pods-Todoey_CoreData.release.xcconfig"; path = "Target Support Files/Pods-Todoey_CoreData/Pods-Todoey_CoreData.release.xcconfig"; sourceTree = "<group>"; };
		C279C8325A1B68ED1854C404 /* Pods_Todoey_CoreData.framework */ = {isa = PBXFileReference; explicitFileType = wrapper.framework; includeInIndex = 0; path = Pods_Todoey_CoreData.framework; sourceTree = BUILT_PRODUCTS_DIR; };
/* End PBXFileReference section */

/* Begin PBXFrameworksBuildPhase section */
		2ECAB1232683F6F5009AB045 /* Frameworks */ = {
			isa = PBXFrameworksBuildPhase;
			buildActionMask = 2147483647;
			files = (
				C8E2B46BE3A31005DF816615 /* Pods_Todoey_CoreData.framework in Frameworks */,
			);
			runOnlyForDeploymentPostprocessing = 0;
		};
/* End PBXFrameworksBuildPhase section */

/* Begin PBXGroup section */
		2D3960ED789A37E0E708C51B /* Pods */ = {
			isa = PBXGroup;
			children = (
				3E75B1A808B2F44EAECEC792 /* Pods-Todoey_CoreData.debug.xcconfig */,
				43570A3C9376D88197E61D09 /* Pods-Todoey_CoreData.release.xcconfig */,
			);
			path = Pods;
			sourceTree = "<group>";
		};
		2ECAB11D2683F6F5009AB045 = {
			isa = PBXGroup;
			children = (
				2ECAB1282683F6F5009AB045 /* Todoey_CoreData */,
				2ECAB1272683F6F5009AB045 /* Products */,
				2D3960ED789A37E0E708C51B /* Pods */,
				B8645A50A4CF6863727C903C /* Frameworks */,
			);
			sourceTree = "<group>";
		};
		2ECAB1272683F6F5009AB045 /* Products */ = {
			isa = PBXGroup;
			children = (
				2ECAB1262683F6F5009AB045 /* Todoey_CoreData.app */,
			);
			name = Products;
			sourceTree = "<group>";
		};
		2ECAB1282683F6F5009AB045 /* Todoey_CoreData */ = {
			isa = PBXGroup;
			children = (
				2ECAB1422683F720009AB045 /* Models */,
				2ECAB1292683F6F5009AB045 /* AppDelegate.swift */,
				2ECAB12B2683F6F5009AB045 /* SceneDelegate.swift */,
				2ECAB1412683F719009AB045 /* Controllers */,
				2ECAB1402683F712009AB045 /* Views */,
				2ECAB1352683F6F7009AB045 /* Assets.xcassets */,
				2ECAB1372683F6F7009AB045 /* LaunchScreen.storyboard */,
				2ECAB13A2683F6F7009AB045 /* Info.plist */,
			);
			path = Todoey_CoreData;
			sourceTree = "<group>";
		};
		2ECAB1402683F712009AB045 /* Views */ = {
			isa = PBXGroup;
			children = (
				2ECAB12F2683F6F5009AB045 /* Main.storyboard */,
			);
			path = Views;
			sourceTree = "<group>";
		};
		2ECAB1412683F719009AB045 /* Controllers */ = {
			isa = PBXGroup;
			children = (
				2ECAB1432683F78B009AB045 /* CategoryViewController.swift */,
				2ECAB14526840663009AB045 /* ItemViewController.swift */,
				2ECAB14726842324009AB045 /* SwipeViewController.swift */,
			);
			path = Controllers;
			sourceTree = "<group>";
		};
		2ECAB1422683F720009AB045 /* Models */ = {
			isa = PBXGroup;
			children = (
				2ECAB1322683F6F5009AB045 /* Todoey_CoreData.xcdatamodeld */,
			);
			path = Models;
			sourceTree = "<group>";
		};
		B8645A50A4CF6863727C903C /* Frameworks */ = {
			isa = PBXGroup;
			children = (
				C279C8325A1B68ED1854C404 /* Pods_Todoey_CoreData.framework */,
			);
			name = Frameworks;
			sourceTree = "<group>";
		};
/* End PBXGroup section */

/* Begin PBXNativeTarget section */
		2ECAB1252683F6F5009AB045 /* Todoey_CoreData */ = {
			isa = PBXNativeTarget;
			buildConfigurationList = 2ECAB13D2683F6F7009AB045 /* Build configuration list for PBXNativeTarget "Todoey_CoreData" */;
			buildPhases = (
				9C11AB30B537AF71970E3CB4 /* [CP] Check Pods Manifest.lock */,
				2ECAB1222683F6F5009AB045 /* Sources */,
				2ECAB1232683F6F5009AB045 /* Frameworks */,
				2ECAB1242683F6F5009AB045 /* Resources */,
				E177F7B03ECEE07780549614 /* [CP] Embed Pods Frameworks */,
			);
			buildRules = (
			);
			dependencies = (
			);
			name = Todoey_CoreData;
			productName = Todoey_CoreData;
			productReference = 2ECAB1262683F6F5009AB045 /* Todoey_CoreData.app */;
			productType = "com.apple.product-type.application";
		};
/* End PBXNativeTarget section */

/* Begin PBXProject section */
		2ECAB11E2683F6F5009AB045 /* Project object */ = {
			isa = PBXProject;
			attributes = {
				LastSwiftUpdateCheck = 1250;
				LastUpgradeCheck = 1250;
				TargetAttributes = {
					2ECAB1252683F6F5009AB045 = {
						CreatedOnToolsVersion = 12.5;
					};
				};
			};
			buildConfigurationList = 2ECAB1212683F6F5009AB045 /* Build configuration list for PBXProject "Todoey_CoreData" */;
			compatibilityVersion = "Xcode 9.3";
			developmentRegion = en;
			hasScannedForEncodings = 0;
			knownRegions = (
				en,
				Base,
			);
			mainGroup = 2ECAB11D2683F6F5009AB045;
			productRefGroup = 2ECAB1272683F6F5009AB045 /* Products */;
			projectDirPath = "";
			projectRoot = "";
			targets = (
				2ECAB1252683F6F5009AB045 /* Todoey_CoreData */,
			);
		};
/* End PBXProject section */

/* Begin PBXResourcesBuildPhase section */
		2ECAB1242683F6F5009AB045 /* Resources */ = {
			isa = PBXResourcesBuildPhase;
			buildActionMask = 2147483647;
			files = (
				2ECAB1392683F6F7009AB045 /* LaunchScreen.storyboard in Resources */,
				2ECAB1362683F6F7009AB045 /* Assets.xcassets in Resources */,
				2ECAB1312683F6F5009AB045 /* Main.storyboard in Resources */,
			);
			runOnlyForDeploymentPostprocessing = 0;
		};
/* End PBXResourcesBuildPhase section */

/* Begin PBXShellScriptBuildPhase section */
		9C11AB30B537AF71970E3CB4 /* [CP] Check Pods Manifest.lock */ = {
			isa = PBXShellScriptBuildPhase;
			buildActionMask = 2147483647;
			files = (
			);
			inputFileListPaths = (
			);
			inputPaths = (
				"${PODS_PODFILE_DIR_PATH}/Podfile.lock",
				"${PODS_ROOT}/Manifest.lock",
			);
			name = "[CP] Check Pods Manifest.lock";
			outputFileListPaths = (
			);
			outputPaths = (
				"$(DERIVED_FILE_DIR)/Pods-Todoey_CoreData-checkManifestLockResult.txt",
			);
			runOnlyForDeploymentPostprocessing = 0;
			shellPath = /bin/sh;
			shellScript = "diff \"${PODS_PODFILE_DIR_PATH}/Podfile.lock\" \"${PODS_ROOT}/Manifest.lock\" > /dev/null\nif [ $? != 0 ] ; then\n    # print error to STDERR\n    echo \"error: The sandbox is not in sync with the Podfile.lock. Run 'pod install' or update your CocoaPods installation.\" >&2\n    exit 1\nfi\n# This output is used by Xcode 'outputs' to avoid re-running this script phase.\necho \"SUCCESS\" > \"${SCRIPT_OUTPUT_FILE_0}\"\n";
			showEnvVarsInLog = 0;
		};
		E177F7B03ECEE07780549614 /* [CP] Embed Pods Frameworks */ = {
			isa = PBXShellScriptBuildPhase;
			buildActionMask = 2147483647;
			files = (
			);
			inputFileListPaths = (
				"${PODS_ROOT}/Target Support Files/Pods-Todoey_CoreData/Pods-Todoey_CoreData-frameworks-${CONFIGURATION}-input-files.xcfilelist",
			);
			name = "[CP] Embed Pods Frameworks";
			outputFileListPaths = (
				"${PODS_ROOT}/Target Support Files/Pods-Todoey_CoreData/Pods-Todoey_CoreData-frameworks-${CONFIGURATION}-output-files.xcfilelist",
			);
			runOnlyForDeploymentPostprocessing = 0;
			shellPath = /bin/sh;
			shellScript = "\"${PODS_ROOT}/Target Support Files/Pods-Todoey_CoreData/Pods-Todoey_CoreData-frameworks.sh\"\n";
			showEnvVarsInLog = 0;
		};
/* End PBXShellScriptBuildPhase section */

/* Begin PBXSourcesBuildPhase section */
		2ECAB1222683F6F5009AB045 /* Sources */ = {
			isa = PBXSourcesBuildPhase;
			buildActionMask = 2147483647;
			files = (
				2ECAB1442683F78B009AB045 /* CategoryViewController.swift in Sources */,
				2ECAB12A2683F6F5009AB045 /* AppDelegate.swift in Sources */,
				2ECAB14626840663009AB045 /* ItemViewController.swift in Sources */,
				2ECAB1342683F6F5009AB045 /* Todoey_CoreData.xcdatamodeld in Sources */,
				2ECAB12C2683F6F5009AB045 /* SceneDelegate.swift in Sources */,
				2ECAB14826842324009AB045 /* SwipeViewController.swift in Sources */,
			);
			runOnlyForDeploymentPostprocessing = 0;
		};
/* End PBXSourcesBuildPhase section */

/* Begin PBXVariantGroup section */
		2ECAB12F2683F6F5009AB045 /* Main.storyboard */ = {
			isa = PBXVariantGroup;
			children = (
				2ECAB1302683F6F5009AB045 /* Base */,
			);
			name = Main.storyboard;
			sourceTree = "<group>";
		};
		2ECAB1372683F6F7009AB045 /* LaunchScreen.storyboard */ = {
			isa = PBXVariantGroup;
			children = (
				2ECAB1382683F6F7009AB045 /* Base */,
			);
			name = LaunchScreen.storyboard;
			sourceTree = "<group>";
		};
/* End PBXVariantGroup section */

/* Begin XCBuildConfiguration section */
		2ECAB13B2683F6F7009AB045 /* Debug */ = {
			isa = XCBuildConfiguration;
			buildSettings = {
				ALWAYS_SEARCH_USER_PATHS = NO;
				CLANG_ANALYZER_NONNULL = YES;
				CLANG_ANALYZER_NUMBER_OBJECT_CONVERSION = YES_AGGRESSIVE;
				CLANG_CXX_LANGUAGE_STANDARD = "gnu++14";
				CLANG_CXX_LIBRARY = "libc++";
				CLANG_ENABLE_MODULES = YES;
				CLANG_ENABLE_OBJC_ARC = YES;
				CLANG_ENABLE_OBJC_WEAK = YES;
				CLANG_WARN_BLOCK_CAPTURE_AUTORELEASING = YES;
				CLANG_WARN_BOOL_CONVERSION = YES;
				CLANG_WARN_COMMA = YES;
				CLANG_WARN_CONSTANT_CONVERSION = YES;
				CLANG_WARN_DEPRECATED_OBJC_IMPLEMENTATIONS = YES;
				CLANG_WARN_DIRECT_OBJC_ISA_USAGE = YES_ERROR;
				CLANG_WARN_DOCUMENTATION_COMMENTS = YES;
				CLANG_WARN_EMPTY_BODY = YES;
				CLANG_WARN_ENUM_CONVERSION = YES;
				CLANG_WARN_INFINITE_RECURSION = YES;
				CLANG_WARN_INT_CONVERSION = YES;
				CLANG_WARN_NON_LITERAL_NULL_CONVERSION = YES;
				CLANG_WARN_OBJC_IMPLICIT_RETAIN_SELF = YES;
				CLANG_WARN_OBJC_LITERAL_CONVERSION = YES;
				CLANG_WARN_OBJC_ROOT_CLASS = YES_ERROR;
				CLANG_WARN_QUOTED_INCLUDE_IN_FRAMEWORK_HEADER = YES;
				CLANG_WARN_RANGE_LOOP_ANALYSIS = YES;
				CLANG_WARN_STRICT_PROTOTYPES = YES;
				CLANG_WARN_SUSPICIOUS_MOVE = YES;
				CLANG_WARN_UNGUARDED_AVAILABILITY = YES_AGGRESSIVE;
				CLANG_WARN_UNREACHABLE_CODE = YES;
				CLANG_WARN__DUPLICATE_METHOD_MATCH = YES;
				COPY_PHASE_STRIP = NO;
				DEBUG_INFORMATION_FORMAT = dwarf;
				ENABLE_STRICT_OBJC_MSGSEND = YES;
				ENABLE_TESTABILITY = YES;
				GCC_C_LANGUAGE_STANDARD = gnu11;
				GCC_DYNAMIC_NO_PIC = NO;
				GCC_NO_COMMON_BLOCKS = YES;
				GCC_OPTIMIZATION_LEVEL = 0;
				GCC_PREPROCESSOR_DEFINITIONS = (
					"DEBUG=1",
					"$(inherited)",
				);
				GCC_WARN_64_TO_32_BIT_CONVERSION = YES;
				GCC_WARN_ABOUT_RETURN_TYPE = YES_ERROR;
				GCC_WARN_UNDECLARED_SELECTOR = YES;
				GCC_WARN_UNINITIALIZED_AUTOS = YES_AGGRESSIVE;
				GCC_WARN_UNUSED_FUNCTION = YES;
				GCC_WARN_UNUSED_VARIABLE = YES;
				IPHONEOS_DEPLOYMENT_TARGET = 14.5;
				MTL_ENABLE_DEBUG_INFO = INCLUDE_SOURCE;
				MTL_FAST_MATH = YES;
				ONLY_ACTIVE_ARCH = YES;
				SDKROOT = iphoneos;
				SWIFT_ACTIVE_COMPILATION_CONDITIONS = DEBUG;
				SWIFT_OPTIMIZATION_LEVEL = "-Onone";
			};
			name = Debug;
		};
		2ECAB13C2683F6F7009AB045 /* Release */ = {
			isa = XCBuildConfiguration;
			buildSettings = {
				ALWAYS_SEARCH_USER_PATHS = NO;
				CLANG_ANALYZER_NONNULL = YES;
				CLANG_ANALYZER_NUMBER_OBJECT_CONVERSION = YES_AGGRESSIVE;
				CLANG_CXX_LANGUAGE_STANDARD = "gnu++14";
				CLANG_CXX_LIBRARY = "libc++";
				CLANG_ENABLE_MODULES = YES;
				CLANG_ENABLE_OBJC_ARC = YES;
				CLANG_ENABLE_OBJC_WEAK = YES;
				CLANG_WARN_BLOCK_CAPTURE_AUTORELEASING = YES;
				CLANG_WARN_BOOL_CONVERSION = YES;
				CLANG_WARN_COMMA = YES;
				CLANG_WARN_CONSTANT_CONVERSION = YES;
				CLANG_WARN_DEPRECATED_OBJC_IMPLEMENTATIONS = YES;
				CLANG_WARN_DIRECT_OBJC_ISA_USAGE = YES_ERROR;
				CLANG_WARN_DOCUMENTATION_COMMENTS = YES;
				CLANG_WARN_EMPTY_BODY = YES;
				CLANG_WARN_ENUM_CONVERSION = YES;
				CLANG_WARN_INFINITE_RECURSION = YES;
				CLANG_WARN_INT_CONVERSION = YES;
				CLANG_WARN_NON_LITERAL_NULL_CONVERSION = YES;
				CLANG_WARN_OBJC_IMPLICIT_RETAIN_SELF = YES;
				CLANG_WARN_OBJC_LITERAL_CONVERSION = YES;
				CLANG_WARN_OBJC_ROOT_CLASS = YES_ERROR;
				CLANG_WARN_QUOTED_INCLUDE_IN_FRAMEWORK_HEADER = YES;
				CLANG_WARN_RANGE_LOOP_ANALYSIS = YES;
				CLANG_WARN_STRICT_PROTOTYPES = YES;
				CLANG_WARN_SUSPICIOUS_MOVE = YES;
				CLANG_WARN_UNGUARDED_AVAILABILITY = YES_AGGRESSIVE;
				CLANG_WARN_UNREACHABLE_CODE = YES;
				CLANG_WARN__DUPLICATE_METHOD_MATCH = YES;
				COPY_PHASE_STRIP = NO;
				DEBUG_INFORMATION_FORMAT = "dwarf-with-dsym";
				ENABLE_NS_ASSERTIONS = NO;
				ENABLE_STRICT_OBJC_MSGSEND = YES;
				GCC_C_LANGUAGE_STANDARD = gnu11;
				GCC_NO_COMMON_BLOCKS = YES;
				GCC_WARN_64_TO_32_BIT_CONVERSION = YES;
				GCC_WARN_ABOUT_RETURN_TYPE = YES_ERROR;
				GCC_WARN_UNDECLARED_SELECTOR = YES;
				GCC_WARN_UNINITIALIZED_AUTOS = YES_AGGRESSIVE;
				GCC_WARN_UNUSED_FUNCTION = YES;
				GCC_WARN_UNUSED_VARIABLE = YES;
				IPHONEOS_DEPLOYMENT_TARGET = 14.5;
				MTL_ENABLE_DEBUG_INFO = NO;
				MTL_FAST_MATH = YES;
				SDKROOT = iphoneos;
				SWIFT_COMPILATION_MODE = wholemodule;
				SWIFT_OPTIMIZATION_LEVEL = "-O";
				VALIDATE_PRODUCT = YES;
			};
			name = Release;
		};
		2ECAB13E2683F6F7009AB045 /* Debug */ = {
			isa = XCBuildConfiguration;
			baseConfigurationReference = 3E75B1A808B2F44EAECEC792 /* Pods-Todoey_CoreData.debug.xcconfig */;
			buildSettings = {
				ASSETCATALOG_COMPILER_APPICON_NAME = AppIcon;
				ASSETCATALOG_COMPILER_GLOBAL_ACCENT_COLOR_NAME = AccentColor;
				CODE_SIGN_STYLE = Automatic;
				DEVELOPMENT_TEAM = 862P2X6G9G;
				INFOPLIST_FILE = Todoey_CoreData/Info.plist;
				LD_RUNPATH_SEARCH_PATHS = (
					"$(inherited)",
					"@executable_path/Frameworks",
				);
				PRODUCT_BUNDLE_IDENTIFIER = "com.jinwookkim.Todoey-CoreData";
				PRODUCT_NAME = "$(TARGET_NAME)";
				SWIFT_VERSION = 5.0;
				TARGETED_DEVICE_FAMILY = "1,2";
			};
			name = Debug;
		};
		2ECAB13F2683F6F7009AB045 /* Release */ = {
			isa = XCBuildConfiguration;
			baseConfigurationReference = 43570A3C9376D88197E61D09 /* Pods-Todoey_CoreData.release.xcconfig */;
			buildSettings = {
				ASSETCATALOG_COMPILER_APPICON_NAME = AppIcon;
				ASSETCATALOG_COMPILER_GLOBAL_ACCENT_COLOR_NAME = AccentColor;
				CODE_SIGN_STYLE = Automatic;
				DEVELOPMENT_TEAM = 862P2X6G9G;
				INFOPLIST_FILE = Todoey_CoreData/Info.plist;
				LD_RUNPATH_SEARCH_PATHS = (
					"$(inherited)",
					"@executable_path/Frameworks",
				);
				PRODUCT_BUNDLE_IDENTIFIER = "com.jinwookkim.Todoey-CoreData";
				PRODUCT_NAME = "$(TARGET_NAME)";
				SWIFT_VERSION = 5.0;
				TARGETED_DEVICE_FAMILY = "1,2";
			};
			name = Release;
		};
/* End XCBuildConfiguration section */

/* Begin XCConfigurationList section */
		2ECAB1212683F6F5009AB045 /* Build configuration list for PBXProject "Todoey_CoreData" */ = {
			isa = XCConfigurationList;
			buildConfigurations = (
				2ECAB13B2683F6F7009AB045 /* Debug */,
				2ECAB13C2683F6F7009AB045 /* Release */,
			);
			defaultConfigurationIsVisible = 0;
			defaultConfigurationName = Release;
		};
		2ECAB13D2683F6F7009AB045 /* Build configuration list for PBXNativeTarget "Todoey_CoreData" */ = {
			isa = XCConfigurationList;
			buildConfigurations = (
				2ECAB13E2683F6F7009AB045 /* Debug */,
				2ECAB13F2683F6F7009AB045 /* Release */,
			);
			defaultConfigurationIsVisible = 0;
			defaultConfigurationName = Release;
		};
/* End XCConfigurationList section */

/* Begin XCVersionGroup section */
		2ECAB1322683F6F5009AB045 /* Todoey_CoreData.xcdatamodeld */ = {
			isa = XCVersionGroup;
			children = (
				2ECAB1332683F6F5009AB045 /* Todoey_CoreData.xcdatamodel */,
			);
			currentVersion = 2ECAB1332683F6F5009AB045 /* Todoey_CoreData.xcdatamodel */;
			path = Todoey_CoreData.xcdatamodeld;
			sourceTree = "<group>";
			versionGroupType = wrapper.xcdatamodel;
		};
/* End XCVersionGroup section */
	};
	rootObject = 2ECAB11E2683F6F5009AB045 /* Project object */;
}
